
Microsoft Visual Studio Solution File, Format Version 12.00
# Visual Studio 15
VisualStudioVersion = 15.0.28010.2036
MinimumVisualStudioVersion = 10.0.40219.1
Project("{FAE04EC0-301F-11D3-BF4B-00C04F79EFBC}") = "BlocoNotas.Android", "BlocoNotas\BlocoNotas.Android\BlocoNotas.Android.csproj", "{81EA4C3A-FA0D-46D6-95C5-4C7AE63B6447}"
EndProject
Project("{FAE04EC0-301F-11D3-BF4B-00C04F79EFBC}") = "BlocoNotas", "BlocoNotas\BlocoNotas\BlocoNotas.csproj", "{0CDF4B14-A82C-406C-84EC-972371A3CDA0}"
EndProject
Global
	GlobalSection(SolutionConfigurationPlatforms) = preSolution
		Debug|Any CPU = Debug|Any CPU
		Release|Any CPU = Release|Any CPU
	EndGlobalSection
	GlobalSection(ProjectConfigurationPlatforms) = postSolution
		{81EA4C3A-FA0D-46D6-95C5-4C7AE63B6447}.Debug|Any CPU.ActiveCfg = Debug|Any CPU
		{81EA4C3A-FA0D-46D6-95C5-4C7AE63B6447}.Debug|Any CPU.Build.0 = Debug|Any CPU
		{81EA4C3A-FA0D-46D6-95C5-4C7AE63B6447}.Debug|Any CPU.Deploy.0 = Debug|Any CPU
		{81EA4C3A-FA0D-46D6-95C5-4C7AE63B6447}.Release|Any CPU.ActiveCfg = Release|Any CPU
		{81EA4C3A-FA0D-46D6-95C5-4C7AE63B6447}.Release|Any CPU.Build.0 = Release|Any CPU
		{81EA4C3A-FA0D-46D6-95C5-4C7AE63B6447}.Release|Any CPU.Deploy.0 = Release|Any CPU
		{0CDF4B14-A82C-406C-84EC-972371A3CDA0}.Debug|Any CPU.ActiveCfg = Debug|Any CPU
		{0CDF4B14-A82C-406C-84EC-972371A3CDA0}.Debug|Any CPU.Build.0 = Debug|Any CPU
		{0CDF4B14-A82C-406C-84EC-972371A3CDA0}.Debug|Any CPU.Deploy.0 = Debug|Any CPU
		{0CDF4B14-A82C-406C-84EC-972371A3CDA0}.Release|Any CPU.ActiveCfg = Release|Any CPU
		{0CDF4B14-A82C-406C-84EC-972371A3CDA0}.Release|Any CPU.Build.0 = Release|Any CPU
		{0CDF4B14-A82C-406C-84EC-972371A3CDA0}.Release|Any CPU.Deploy.0 = Release|Any CPU
	EndGlobalSection
	GlobalSection(SolutionProperties) = preSolution
		HideSolutionNode = FALSE
	EndGlobalSection
	GlobalSection(ExtensibilityGlobals) = postSolution
		SolutionGuid = {19FC6AB5-5C4B-4340-BEF4-6374F5D3F246}
	EndGlobalSection
EndGlobal
